
Microsoft Visual Studio Solution File, Format Version 12.00
# Visual Studio Version 17
VisualStudioVersion = 17.5.002.0
MinimumVisualStudioVersion = 10.0.40219.1
Project("{2150E333-8FDC-42A3-9474-1A3956D46DE8}") = "ApiGateways", "ApiGateways", "{9F9B2CEA-C8B5-427F-B1E4-CBCA79AE917C}"
EndProject
Project("{9A19103F-16F7-4668-BE54-9A1E7A4F7556}") = "YarpApiGateway", "ApiGateways\YarpApiGateway\YarpApiGateway.csproj", "{1BE2C330-BA42-47F1-8F54-AA6BF1EF86E8}"
EndProject
Project("{2150E333-8FDC-42A3-9474-1A3956D46DE8}") = "BuildingBlocks", "BuildingBlocks", "{0C831441-A1F2-47DE-B029-A846B34B4267}"
EndProject
Project("{9A19103F-16F7-4668-BE54-9A1E7A4F7556}") = "BuildingBlocks", "BuildingBlocks\BuildingBlocks\BuildingBlocks.csproj", "{3859A634-83C8-42C4-B5C8-2757F7572C81}"
EndProject
Project("{9A19103F-16F7-4668-BE54-9A1E7A4F7556}") = "BuildingBlocks.Auth", "BuildingBlocks\BuildingBlocks.Auth\BuildingBlocks.Auth.csproj", "{CC2837E4-A176-47B9-99CF-B655CFA9CF3E}"
EndProject
Project("{9A19103F-16F7-4668-BE54-9A1E7A4F7556}") = "BuildingBlocks.Messaging", "BuildingBlocks\BuildingBlocks.Messaging\BuildingBlocks.Messaging.csproj", "{A92E966E-7D41-461C-99F0-F936368D5901}"
EndProject
Project("{2150E333-8FDC-42A3-9474-1A3956D46DE8}") = "Services", "Services", "{419D07B6-AB37-4118-A9EB-8279ADB386B7}"
EndProject
Project("{2150E333-8FDC-42A3-9474-1A3956D46DE8}") = "Identity", "Identity", "{532ED7DB-42A2-41A4-BA45-0579B2AB2789}"
EndProject
Project("{9A19103F-16F7-4668-BE54-9A1E7A4F7556}") = "Identity.API", "Services\Identity\Identity.API\Identity.API.csproj", "{B91F6D76-F328-4783-93FA-0C26FB72355D}"
EndProject
Project("{FAE04EC0-301F-11D3-BF4B-00C04F79EFBC}") = "Identity.Application", "Services\Identity\Identity.Application\Identity.Application.csproj", "{0628B5D7-4A76-4D6C-AF24-6336C55A4763}"
EndProject
Project("{FAE04EC0-301F-11D3-BF4B-00C04F79EFBC}") = "Identity.Domain", "Services\Identity\Identity.Domain\Identity.Domain.csproj", "{6A5C1978-15C2-48DF-B00C-94479A3FD268}"
EndProject
Project("{FAE04EC0-301F-11D3-BF4B-00C04F79EFBC}") = "Identity.Infrastructure", "Services\Identity\Identity.Infrastructure\Identity.Infrastructure.csproj", "{F924EB59-EC69-4BEA-8DCC-C04456F8FBD6}"
EndProject
Global
	GlobalSection(SolutionConfigurationPlatforms) = preSolution
		Debug|Any CPU = Debug|Any CPU
		Release|Any CPU = Release|Any CPU
	EndGlobalSection
	GlobalSection(ProjectConfigurationPlatforms) = postSolution
		{1BE2C330-BA42-47F1-8F54-AA6BF1EF86E8}.Debug|Any CPU.ActiveCfg = Debug|Any CPU
		{1BE2C330-BA42-47F1-8F54-AA6BF1EF86E8}.Debug|Any CPU.Build.0 = Debug|Any CPU
		{1BE2C330-BA42-47F1-8F54-AA6BF1EF86E8}.Release|Any CPU.ActiveCfg = Release|Any CPU
		{1BE2C330-BA42-47F1-8F54-AA6BF1EF86E8}.Release|Any CPU.Build.0 = Release|Any CPU
		{3859A634-83C8-42C4-B5C8-2757F7572C81}.Debug|Any CPU.ActiveCfg = Debug|Any CPU
		{3859A634-83C8-42C4-B5C8-2757F7572C81}.Debug|Any CPU.Build.0 = Debug|Any CPU
		{3859A634-83C8-42C4-B5C8-2757F7572C81}.Release|Any CPU.ActiveCfg = Release|Any CPU
		{3859A634-83C8-42C4-B5C8-2757F7572C81}.Release|Any CPU.Build.0 = Release|Any CPU
		{CC2837E4-A176-47B9-99CF-B655CFA9CF3E}.Debug|Any CPU.ActiveCfg = Debug|Any CPU
		{CC2837E4-A176-47B9-99CF-B655CFA9CF3E}.Debug|Any CPU.Build.0 = Debug|Any CPU
		{CC2837E4-A176-47B9-99CF-B655CFA9CF3E}.Release|Any CPU.ActiveCfg = Release|Any CPU
		{CC2837E4-A176-47B9-99CF-B655CFA9CF3E}.Release|Any CPU.Build.0 = Release|Any CPU
		{A92E966E-7D41-461C-99F0-F936368D5901}.Debug|Any CPU.ActiveCfg = Debug|Any CPU
		{A92E966E-7D41-461C-99F0-F936368D5901}.Debug|Any CPU.Build.0 = Debug|Any CPU
		{A92E966E-7D41-461C-99F0-F936368D5901}.Release|Any CPU.ActiveCfg = Release|Any CPU
		{A92E966E-7D41-461C-99F0-F936368D5901}.Release|Any CPU.Build.0 = Release|Any CPU
		{B91F6D76-F328-4783-93FA-0C26FB72355D}.Debug|Any CPU.ActiveCfg = Debug|Any CPU
		{B91F6D76-F328-4783-93FA-0C26FB72355D}.Debug|Any CPU.Build.0 = Debug|Any CPU
		{B91F6D76-F328-4783-93FA-0C26FB72355D}.Release|Any CPU.ActiveCfg = Release|Any CPU
		{B91F6D76-F328-4783-93FA-0C26FB72355D}.Release|Any CPU.Build.0 = Release|Any CPU
		{0628B5D7-4A76-4D6C-AF24-6336C55A4763}.Debug|Any CPU.ActiveCfg = Debug|Any CPU
		{0628B5D7-4A76-4D6C-AF24-6336C55A4763}.Debug|Any CPU.Build.0 = Debug|Any CPU
		{0628B5D7-4A76-4D6C-AF24-6336C55A4763}.Release|Any CPU.ActiveCfg = Release|Any CPU
		{0628B5D7-4A76-4D6C-AF24-6336C55A4763}.Release|Any CPU.Build.0 = Release|Any CPU
		{6A5C1978-15C2-48DF-B00C-94479A3FD268}.Debug|Any CPU.ActiveCfg = Debug|Any CPU
		{6A5C1978-15C2-48DF-B00C-94479A3FD268}.Debug|Any CPU.Build.0 = Debug|Any CPU
		{6A5C1978-15C2-48DF-B00C-94479A3FD268}.Release|Any CPU.ActiveCfg = Release|Any CPU
		{6A5C1978-15C2-48DF-B00C-94479A3FD268}.Release|Any CPU.Build.0 = Release|Any CPU
		{F924EB59-EC69-4BEA-8DCC-C04456F8FBD6}.Debug|Any CPU.ActiveCfg = Debug|Any CPU
		{F924EB59-EC69-4BEA-8DCC-C04456F8FBD6}.Debug|Any CPU.Build.0 = Debug|Any CPU
		{F924EB59-EC69-4BEA-8DCC-C04456F8FBD6}.Release|Any CPU.ActiveCfg = Release|Any CPU
		{F924EB59-EC69-4BEA-8DCC-C04456F8FBD6}.Release|Any CPU.Build.0 = Release|Any CPU
	EndGlobalSection
	GlobalSection(SolutionProperties) = preSolution
		HideSolutionNode = FALSE
	EndGlobalSection
	GlobalSection(NestedProjects) = preSolution
		{1BE2C330-BA42-47F1-8F54-AA6BF1EF86E8} = {9F9B2CEA-C8B5-427F-B1E4-CBCA79AE917C}
		{3859A634-83C8-42C4-B5C8-2757F7572C81} = {0C831441-A1F2-47DE-B029-A846B34B4267}
		{CC2837E4-A176-47B9-99CF-B655CFA9CF3E} = {0C831441-A1F2-47DE-B029-A846B34B4267}
		{A92E966E-7D41-461C-99F0-F936368D5901} = {0C831441-A1F2-47DE-B029-A846B34B4267}
		{532ED7DB-42A2-41A4-BA45-0579B2AB2789} = {419D07B6-AB37-4118-A9EB-8279ADB386B7}
		{B91F6D76-F328-4783-93FA-0C26FB72355D} = {532ED7DB-42A2-41A4-BA45-0579B2AB2789}
		{0628B5D7-4A76-4D6C-AF24-6336C55A4763} = {532ED7DB-42A2-41A4-BA45-0579B2AB2789}
		{6A5C1978-15C2-48DF-B00C-94479A3FD268} = {532ED7DB-42A2-41A4-BA45-0579B2AB2789}
		{F924EB59-EC69-4BEA-8DCC-C04456F8FBD6} = {532ED7DB-42A2-41A4-BA45-0579B2AB2789}
	EndGlobalSection
	GlobalSection(ExtensibilityGlobals) = postSolution
		SolutionGuid = {A98C7615-080A-457C-AD30-C846EAA8B734}
	EndGlobalSection
EndGlobal
